
Microsoft Visual Studio Solution File, Format Version 12.00
# Visual Studio Version 16
VisualStudioVersion = 16.0.30011.22
MinimumVisualStudioVersion = 15.0.26124.0
Project("{2150E333-8FDC-42A3-9474-1A3956D46DE8}") = "src", "src", "{2C0EF5C5-BD07-48F4-8329-17EB2C66546B}"
EndProject
Project("{9A19103F-16F7-4668-BE54-9A1E7A4F7556}") = "Host", "src\Host\Host.csproj", "{38D5070E-E839-4232-A570-4ED1176D01D1}"
EndProject
Project("{2150E333-8FDC-42A3-9474-1A3956D46DE8}") = "test", "test", "{3B0CD60C-1B85-401E-A11B-F54332AC467B}"
EndProject
Project("{9A19103F-16F7-4668-BE54-9A1E7A4F7556}") = "Tests", "test\Tests\Tests.csproj", "{2C5D2EFD-2E55-4264-B785-6F5A85A1B6E9}"
EndProject
Project("{FAE04EC0-301F-11D3-BF4B-00C04F79EFBC}") = "Abstractions", "src\Abstractions\Abstractions.csproj", "{4E9B59F4-3709-46FD-9223-1BD614EFF0EF}"
EndProject
Project("{FAE04EC0-301F-11D3-BF4B-00C04F79EFBC}") = "DataAccess", "src\DataAccess\DataAccess.csproj", "{33692C70-7AD0-488C-A2DE-063153D40510}"
EndProject
Project("{FAE04EC0-301F-11D3-BF4B-00C04F79EFBC}") = "SortingLogic", "src\SortingLogic\SortingLogic.csproj", "{6228479B-E837-4535-89EC-EA7EAE8E99DB}"
EndProject
Global
	GlobalSection(SolutionConfigurationPlatforms) = preSolution
		Debug|Any CPU = Debug|Any CPU
		Debug|x64 = Debug|x64
		Debug|x86 = Debug|x86
		Release|Any CPU = Release|Any CPU
		Release|x64 = Release|x64
		Release|x86 = Release|x86
	EndGlobalSection
	GlobalSection(ProjectConfigurationPlatforms) = postSolution
		{38D5070E-E839-4232-A570-4ED1176D01D1}.Debug|Any CPU.ActiveCfg = Debug|Any CPU
		{38D5070E-E839-4232-A570-4ED1176D01D1}.Debug|Any CPU.Build.0 = Debug|Any CPU
		{38D5070E-E839-4232-A570-4ED1176D01D1}.Debug|x64.ActiveCfg = Debug|Any CPU
		{38D5070E-E839-4232-A570-4ED1176D01D1}.Debug|x64.Build.0 = Debug|Any CPU
		{38D5070E-E839-4232-A570-4ED1176D01D1}.Debug|x86.ActiveCfg = Debug|Any CPU
		{38D5070E-E839-4232-A570-4ED1176D01D1}.Debug|x86.Build.0 = Debug|Any CPU
		{38D5070E-E839-4232-A570-4ED1176D01D1}.Release|Any CPU.ActiveCfg = Release|Any CPU
		{38D5070E-E839-4232-A570-4ED1176D01D1}.Release|Any CPU.Build.0 = Release|Any CPU
		{38D5070E-E839-4232-A570-4ED1176D01D1}.Release|x64.ActiveCfg = Release|Any CPU
		{38D5070E-E839-4232-A570-4ED1176D01D1}.Release|x64.Build.0 = Release|Any CPU
		{38D5070E-E839-4232-A570-4ED1176D01D1}.Release|x86.ActiveCfg = Release|Any CPU
		{38D5070E-E839-4232-A570-4ED1176D01D1}.Release|x86.Build.0 = Release|Any CPU
		{2C5D2EFD-2E55-4264-B785-6F5A85A1B6E9}.Debug|Any CPU.ActiveCfg = Debug|Any CPU
		{2C5D2EFD-2E55-4264-B785-6F5A85A1B6E9}.Debug|Any CPU.Build.0 = Debug|Any CPU
		{2C5D2EFD-2E55-4264-B785-6F5A85A1B6E9}.Debug|x64.ActiveCfg = Debug|Any CPU
		{2C5D2EFD-2E55-4264-B785-6F5A85A1B6E9}.Debug|x64.Build.0 = Debug|Any CPU
		{2C5D2EFD-2E55-4264-B785-6F5A85A1B6E9}.Debug|x86.ActiveCfg = Debug|Any CPU
		{2C5D2EFD-2E55-4264-B785-6F5A85A1B6E9}.Debug|x86.Build.0 = Debug|Any CPU
		{2C5D2EFD-2E55-4264-B785-6F5A85A1B6E9}.Release|Any CPU.ActiveCfg = Release|Any CPU
		{2C5D2EFD-2E55-4264-B785-6F5A85A1B6E9}.Release|Any CPU.Build.0 = Release|Any CPU
		{2C5D2EFD-2E55-4264-B785-6F5A85A1B6E9}.Release|x64.ActiveCfg = Release|Any CPU
		{2C5D2EFD-2E55-4264-B785-6F5A85A1B6E9}.Release|x64.Build.0 = Release|Any CPU
		{2C5D2EFD-2E55-4264-B785-6F5A85A1B6E9}.Release|x86.ActiveCfg = Release|Any CPU
		{2C5D2EFD-2E55-4264-B785-6F5A85A1B6E9}.Release|x86.Build.0 = Release|Any CPU
		{4E9B59F4-3709-46FD-9223-1BD614EFF0EF}.Debug|Any CPU.ActiveCfg = Debug|Any CPU
		{4E9B59F4-3709-46FD-9223-1BD614EFF0EF}.Debug|Any CPU.Build.0 = Debug|Any CPU
		{4E9B59F4-3709-46FD-9223-1BD614EFF0EF}.Debug|x64.ActiveCfg = Debug|Any CPU
		{4E9B59F4-3709-46FD-9223-1BD614EFF0EF}.Debug|x64.Build.0 = Debug|Any CPU
		{4E9B59F4-3709-46FD-9223-1BD614EFF0EF}.Debug|x86.ActiveCfg = Debug|Any CPU
		{4E9B59F4-3709-46FD-9223-1BD614EFF0EF}.Debug|x86.Build.0 = Debug|Any CPU
		{4E9B59F4-3709-46FD-9223-1BD614EFF0EF}.Release|Any CPU.ActiveCfg = Release|Any CPU
		{4E9B59F4-3709-46FD-9223-1BD614EFF0EF}.Release|Any CPU.Build.0 = Release|Any CPU
		{4E9B59F4-3709-46FD-9223-1BD614EFF0EF}.Release|x64.ActiveCfg = Release|Any CPU
		{4E9B59F4-3709-46FD-9223-1BD614EFF0EF}.Release|x64.Build.0 = Release|Any CPU
		{4E9B59F4-3709-46FD-9223-1BD614EFF0EF}.Release|x86.ActiveCfg = Release|Any CPU
		{4E9B59F4-3709-46FD-9223-1BD614EFF0EF}.Release|x86.Build.0 = Release|Any CPU
		{33692C70-7AD0-488C-A2DE-063153D40510}.Debug|Any CPU.ActiveCfg = Debug|Any CPU
		{33692C70-7AD0-488C-A2DE-063153D40510}.Debug|Any CPU.Build.0 = Debug|Any CPU
		{33692C70-7AD0-488C-A2DE-063153D40510}.Debug|x64.ActiveCfg = Debug|Any CPU
		{33692C70-7AD0-488C-A2DE-063153D40510}.Debug|x64.Build.0 = Debug|Any CPU
		{33692C70-7AD0-488C-A2DE-063153D40510}.Debug|x86.ActiveCfg = Debug|Any CPU
		{33692C70-7AD0-488C-A2DE-063153D40510}.Debug|x86.Build.0 = Debug|Any CPU
		{33692C70-7AD0-488C-A2DE-063153D40510}.Release|Any CPU.ActiveCfg = Release|Any CPU
		{33692C70-7AD0-488C-A2DE-063153D40510}.Release|Any CPU.Build.0 = Release|Any CPU
		{33692C70-7AD0-488C-A2DE-063153D40510}.Release|x64.ActiveCfg = Release|Any CPU
		{33692C70-7AD0-488C-A2DE-063153D40510}.Release|x64.Build.0 = Release|Any CPU
		{33692C70-7AD0-488C-A2DE-063153D40510}.Release|x86.ActiveCfg = Release|Any CPU
		{33692C70-7AD0-488C-A2DE-063153D40510}.Release|x86.Build.0 = Release|Any CPU
		{6228479B-E837-4535-89EC-EA7EAE8E99DB}.Debug|Any CPU.ActiveCfg = Debug|Any CPU
		{6228479B-E837-4535-89EC-EA7EAE8E99DB}.Debug|Any CPU.Build.0 = Debug|Any CPU
		{6228479B-E837-4535-89EC-EA7EAE8E99DB}.Debug|x64.ActiveCfg = Debug|Any CPU
		{6228479B-E837-4535-89EC-EA7EAE8E99DB}.Debug|x64.Build.0 = Debug|Any CPU
		{6228479B-E837-4535-89EC-EA7EAE8E99DB}.Debug|x86.ActiveCfg = Debug|Any CPU
		{6228479B-E837-4535-89EC-EA7EAE8E99DB}.Debug|x86.Build.0 = Debug|Any CPU
		{6228479B-E837-4535-89EC-EA7EAE8E99DB}.Release|Any CPU.ActiveCfg = Release|Any CPU
		{6228479B-E837-4535-89EC-EA7EAE8E99DB}.Release|Any CPU.Build.0 = Release|Any CPU
		{6228479B-E837-4535-89EC-EA7EAE8E99DB}.Release|x64.ActiveCfg = Release|Any CPU
		{6228479B-E837-4535-89EC-EA7EAE8E99DB}.Release|x64.Build.0 = Release|Any CPU
		{6228479B-E837-4535-89EC-EA7EAE8E99DB}.Release|x86.ActiveCfg = Release|Any CPU
		{6228479B-E837-4535-89EC-EA7EAE8E99DB}.Release|x86.Build.0 = Release|Any CPU
	EndGlobalSection
	GlobalSection(SolutionProperties) = preSolution
		HideSolutionNode = FALSE
	EndGlobalSection
	GlobalSection(NestedProjects) = preSolution
		{38D5070E-E839-4232-A570-4ED1176D01D1} = {2C0EF5C5-BD07-48F4-8329-17EB2C66546B}
		{2C5D2EFD-2E55-4264-B785-6F5A85A1B6E9} = {3B0CD60C-1B85-401E-A11B-F54332AC467B}
		{4E9B59F4-3709-46FD-9223-1BD614EFF0EF} = {2C0EF5C5-BD07-48F4-8329-17EB2C66546B}
		{33692C70-7AD0-488C-A2DE-063153D40510} = {2C0EF5C5-BD07-48F4-8329-17EB2C66546B}
		{6228479B-E837-4535-89EC-EA7EAE8E99DB} = {2C0EF5C5-BD07-48F4-8329-17EB2C66546B}
	EndGlobalSection
	GlobalSection(ExtensibilityGlobals) = postSolution
		SolutionGuid = {83FBCE18-BEA3-4E1E-B100-B8611B5A82D8}
	EndGlobalSection
EndGlobal
